// !$*UTF8*$!
{
	archiveVersion = 1;
	classes = {
	};
	objectVersion = 46;
	objects = {

/* Begin PBXBuildFile section */
		4FFABC7B1B2B1D9C00926144 /* main.cpp in Sources */ = {isa = PBXBuildFile; fileRef = 4FFABC7A1B2B1D9C00926144 /* main.cpp */; };
		4FFABC941B2B1E0900926144 /* DetectAcrossFrames.cpp in Sources */ = {isa = PBXBuildFile; fileRef = 4FFABC821B2B1E0800926144 /* DetectAcrossFrames.cpp */; };
		4FFABC951B2B1E0900926144 /* FeatureExtractor.cpp in Sources */ = {isa = PBXBuildFile; fileRef = 4FFABC841B2B1E0800926144 /* FeatureExtractor.cpp */; };
		4FFABC961B2B1E0900926144 /* HaarObjectDetection.cpp in Sources */ = {isa = PBXBuildFile; fileRef = 4FFABC871B2B1E0800926144 /* HaarObjectDetection.cpp */; };
		4FFABC971B2B1E0900926144 /* HarrisCorner.cpp in Sources */ = {isa = PBXBuildFile; fileRef = 4FFABC881B2B1E0800926144 /* HarrisCorner.cpp */; };
		4FFABC981B2B1E0900926144 /* infgen.cpp in Sources */ = {isa = PBXBuildFile; fileRef = 4FFABC8A1B2B1E0800926144 /* infgen.cpp */; };
		4FFABC991B2B1E0900926144 /* InsideBlob.cpp in Sources */ = {isa = PBXBuildFile; fileRef = 4FFABC8C1B2B1E0800926144 /* InsideBlob.cpp */; };
		4FFABC9A1B2B1E0900926144 /* main2.cpp in Sources */ = {isa = PBXBuildFile; fileRef = 4FFABC8D1B2B1E0800926144 /* main2.cpp */; };
		4FFABC9B1B2B1E0900926144 /* ProBlobDetection.cpp in Sources */ = {isa = PBXBuildFile; fileRef = 4FFABC8F1B2B1E0900926144 /* ProBlobDetection.cpp */; };
		4FFABC9C1B2B1E0900926144 /* TableTaken.cpp in Sources */ = {isa = PBXBuildFile; fileRef = 4FFABC901B2B1E0900926144 /* TableTaken.cpp */; };
		4FFABC9D1B2B1E0900926144 /* zpipe.cpp in Sources */ = {isa = PBXBuildFile; fileRef = 4FFABC921B2B1E0900926144 /* zpipe.cpp */; };
/* End PBXBuildFile section */

/* Begin PBXCopyFilesBuildPhase section */
		4FFABC751B2B1D9C00926144 /* CopyFiles */ = {
			isa = PBXCopyFilesBuildPhase;
			buildActionMask = 2147483647;
			dstPath = /usr/share/man/man1/;
			dstSubfolderSpec = 0;
			files = (
			);
			runOnlyForDeploymentPostprocessing = 1;
		};
/* End PBXCopyFilesBuildPhase section */

/* Begin PBXFileReference section */
		4FFABC771B2B1D9C00926144 /* XcodeMacFypProject */ = {isa = PBXFileReference; explicitFileType = "compiled.mach-o.executable"; includeInIndex = 0; path = XcodeMacFypProject; sourceTree = BUILT_PRODUCTS_DIR; };
		4FFABC7A1B2B1D9C00926144 /* main.cpp */ = {isa = PBXFileReference; lastKnownFileType = sourcecode.cpp.cpp; path = main.cpp; sourceTree = "<group>"; };
		4FFABC821B2B1E0800926144 /* DetectAcrossFrames.cpp */ = {isa = PBXFileReference; fileEncoding = 4; lastKnownFileType = sourcecode.cpp.cpp; name = DetectAcrossFrames.cpp; path = XcodeMacFypProject/DetectAcrossFrames.cpp; sourceTree = "<group>"; };
		4FFABC831B2B1E0800926144 /* DetectAcrossFrames.h */ = {isa = PBXFileReference; fileEncoding = 4; lastKnownFileType = sourcecode.c.h; name = DetectAcrossFrames.h; path = XcodeMacFypProject/DetectAcrossFrames.h; sourceTree = "<group>"; };
		4FFABC841B2B1E0800926144 /* FeatureExtractor.cpp */ = {isa = PBXFileReference; fileEncoding = 4; lastKnownFileType = sourcecode.cpp.cpp; name = FeatureExtractor.cpp; path = XcodeMacFypProject/FeatureExtractor.cpp; sourceTree = "<group>"; };
		4FFABC851B2B1E0800926144 /* FeatureExtractor.h */ = {isa = PBXFileReference; fileEncoding = 4; lastKnownFileType = sourcecode.c.h; name = FeatureExtractor.h; path = XcodeMacFypProject/FeatureExtractor.h; sourceTree = "<group>"; };
		4FFABC861B2B1E0800926144 /* filtering.h */ = {isa = PBXFileReference; fileEncoding = 4; lastKnownFileType = sourcecode.c.h; name = filtering.h; path = XcodeMacFypProject/filtering.h; sourceTree = "<group>"; };
		4FFABC871B2B1E0800926144 /* HaarObjectDetection.cpp */ = {isa = PBXFileReference; fileEncoding = 4; lastKnownFileType = sourcecode.cpp.cpp; name = HaarObjectDetection.cpp; path = XcodeMacFypProject/HaarObjectDetection.cpp; sourceTree = "<group>"; };
		4FFABC881B2B1E0800926144 /* HarrisCorner.cpp */ = {isa = PBXFileReference; fileEncoding = 4; lastKnownFileType = sourcecode.cpp.cpp; name = HarrisCorner.cpp; path = XcodeMacFypProject/HarrisCorner.cpp; sourceTree = "<group>"; };
		4FFABC891B2B1E0800926144 /* HarrisCorner.h */ = {isa = PBXFileReference; fileEncoding = 4; lastKnownFileType = sourcecode.c.h; name = HarrisCorner.h; path = XcodeMacFypProject/HarrisCorner.h; sourceTree = "<group>"; };
		4FFABC8A1B2B1E0800926144 /* infgen.cpp */ = {isa = PBXFileReference; fileEncoding = 4; lastKnownFileType = sourcecode.cpp.cpp; name = infgen.cpp; path = XcodeMacFypProject/infgen.cpp; sourceTree = "<group>"; };
		4FFABC8B1B2B1E0800926144 /* infgen.h */ = {isa = PBXFileReference; fileEncoding = 4; lastKnownFileType = sourcecode.c.h; name = infgen.h; path = XcodeMacFypProject/infgen.h; sourceTree = "<group>"; };
		4FFABC8C1B2B1E0800926144 /* InsideBlob.cpp */ = {isa = PBXFileReference; fileEncoding = 4; lastKnownFileType = sourcecode.cpp.cpp; name = InsideBlob.cpp; path = XcodeMacFypProject/InsideBlob.cpp; sourceTree = "<group>"; };
		4FFABC8D1B2B1E0800926144 /* main2.cpp */ = {isa = PBXFileReference; fileEncoding = 4; lastKnownFileType = sourcecode.cpp.cpp; name = main2.cpp; path = XcodeMacFypProject/main2.cpp; sourceTree = "<group>"; };
		4FFABC8E1B2B1E0900926144 /* main2.h */ = {isa = PBXFileReference; fileEncoding = 4; lastKnownFileType = sourcecode.c.h; name = main2.h; path = XcodeMacFypProject/main2.h; sourceTree = "<group>"; };
		4FFABC8F1B2B1E0900926144 /* ProBlobDetection.cpp */ = {isa = PBXFileReference; fileEncoding = 4; lastKnownFileType = sourcecode.cpp.cpp; name = ProBlobDetection.cpp; path = XcodeMacFypProject/ProBlobDetection.cpp; sourceTree = "<group>"; };
		4FFABC901B2B1E0900926144 /* TableTaken.cpp */ = {isa = PBXFileReference; fileEncoding = 4; lastKnownFileType = sourcecode.cpp.cpp; name = TableTaken.cpp; path = XcodeMacFypProject/TableTaken.cpp; sourceTree = "<group>"; };
		4FFABC911B2B1E0900926144 /* TableTaken.h */ = {isa = PBXFileReference; fileEncoding = 4; lastKnownFileType = sourcecode.c.h; name = TableTaken.h; path = XcodeMacFypProject/TableTaken.h; sourceTree = "<group>"; };
		4FFABC921B2B1E0900926144 /* zpipe.cpp */ = {isa = PBXFileReference; fileEncoding = 4; lastKnownFileType = sourcecode.cpp.cpp; name = zpipe.cpp; path = XcodeMacFypProject/zpipe.cpp; sourceTree = "<group>"; };
		4FFABC931B2B1E0900926144 /* zpipe.h */ = {isa = PBXFileReference; fileEncoding = 4; lastKnownFileType = sourcecode.c.h; name = zpipe.h; path = XcodeMacFypProject/zpipe.h; sourceTree = "<group>"; };
/* End PBXFileReference section */

/* Begin PBXFrameworksBuildPhase section */
		4FFABC741B2B1D9C00926144 /* Frameworks */ = {
			isa = PBXFrameworksBuildPhase;
			buildActionMask = 2147483647;
			files = (
			);
			runOnlyForDeploymentPostprocessing = 0;
		};
/* End PBXFrameworksBuildPhase section */

/* Begin PBXGroup section */
		4FFABC6E1B2B1D9C00926144 = {
			isa = PBXGroup;
			children = (
				4FFABC811B2B1DCC00926144 /* SampleExperiments */,
				4FFABC791B2B1D9C00926144 /* XcodeMacFypProject */,
				4FFABC781B2B1D9C00926144 /* Products */,
			);
			sourceTree = "<group>";
		};
		4FFABC781B2B1D9C00926144 /* Products */ = {
			isa = PBXGroup;
			children = (
				4FFABC771B2B1D9C00926144 /* XcodeMacFypProject */,
			);
			name = Products;
			sourceTree = "<group>";
		};
		4FFABC791B2B1D9C00926144 /* XcodeMacFypProject */ = {
			isa = PBXGroup;
			children = (
				4FFABC7A1B2B1D9C00926144 /* main.cpp */,
			);
			path = XcodeMacFypProject;
			sourceTree = "<group>";
		};
		4FFABC811B2B1DCC00926144 /* SampleExperiments */ = {
			isa = PBXGroup;
			children = (
				4FFABC821B2B1E0800926144 /* DetectAcrossFrames.cpp */,
				4FFABC831B2B1E0800926144 /* DetectAcrossFrames.h */,
				4FFABC841B2B1E0800926144 /* FeatureExtractor.cpp */,
				4FFABC851B2B1E0800926144 /* FeatureExtractor.h */,
				4FFABC861B2B1E0800926144 /* filtering.h */,
				4FFABC871B2B1E0800926144 /* HaarObjectDetection.cpp */,
				4FFABC881B2B1E0800926144 /* HarrisCorner.cpp */,
				4FFABC891B2B1E0800926144 /* HarrisCorner.h */,
				4FFABC8A1B2B1E0800926144 /* infgen.cpp */,
				4FFABC8B1B2B1E0800926144 /* infgen.h */,
				4FFABC8C1B2B1E0800926144 /* InsideBlob.cpp */,
				4FFABC8D1B2B1E0800926144 /* main2.cpp */,
				4FFABC8E1B2B1E0900926144 /* main2.h */,
				4FFABC8F1B2B1E0900926144 /* ProBlobDetection.cpp */,
				4FFABC901B2B1E0900926144 /* TableTaken.cpp */,
				4FFABC911B2B1E0900926144 /* TableTaken.h */,
				4FFABC921B2B1E0900926144 /* zpipe.cpp */,
				4FFABC931B2B1E0900926144 /* zpipe.h */,
			);
			name = SampleExperiments;
			sourceTree = "<group>";
		};
/* End PBXGroup section */

/* Begin PBXNativeTarget section */
		4FFABC761B2B1D9C00926144 /* XcodeMacFypProject */ = {
			isa = PBXNativeTarget;
			buildConfigurationList = 4FFABC7E1B2B1D9C00926144 /* Build configuration list for PBXNativeTarget "XcodeMacFypProject" */;
			buildPhases = (
				4FFABC731B2B1D9C00926144 /* Sources */,
				4FFABC741B2B1D9C00926144 /* Frameworks */,
				4FFABC751B2B1D9C00926144 /* CopyFiles */,
			);
			buildRules = (
			);
			dependencies = (
			);
			name = XcodeMacFypProject;
			productName = XcodeMacFypProject;
			productReference = 4FFABC771B2B1D9C00926144 /* XcodeMacFypProject */;
			productType = "com.apple.product-type.tool";
		};
/* End PBXNativeTarget section */

/* Begin PBXProject section */
		4FFABC6F1B2B1D9C00926144 /* Project object */ = {
			isa = PBXProject;
			attributes = {
				LastUpgradeCheck = 0620;
				ORGANIZATIONNAME = nephelium;
				TargetAttributes = {
					4FFABC761B2B1D9C00926144 = {
						CreatedOnToolsVersion = 6.2;
					};
				};
			};
			buildConfigurationList = 4FFABC721B2B1D9C00926144 /* Build configuration list for PBXProject "XcodeMacFypProject" */;
			compatibilityVersion = "Xcode 3.2";
			developmentRegion = English;
			hasScannedForEncodings = 0;
			knownRegions = (
				en,
			);
			mainGroup = 4FFABC6E1B2B1D9C00926144;
			productRefGroup = 4FFABC781B2B1D9C00926144 /* Products */;
			projectDirPath = "";
			projectRoot = "";
			targets = (
				4FFABC761B2B1D9C00926144 /* XcodeMacFypProject */,
			);
		};
/* End PBXProject section */

/* Begin PBXSourcesBuildPhase section */
		4FFABC731B2B1D9C00926144 /* Sources */ = {
			isa = PBXSourcesBuildPhase;
			buildActionMask = 2147483647;
			files = (
				4FFABC9B1B2B1E0900926144 /* ProBlobDetection.cpp in Sources */,
				4FFABC951B2B1E0900926144 /* FeatureExtractor.cpp in Sources */,
				4FFABC9A1B2B1E0900926144 /* main2.cpp in Sources */,
				4FFABC7B1B2B1D9C00926144 /* main.cpp in Sources */,
				4FFABC9D1B2B1E0900926144 /* zpipe.cpp in Sources */,
				4FFABC9C1B2B1E0900926144 /* TableTaken.cpp in Sources */,
				4FFABC991B2B1E0900926144 /* InsideBlob.cpp in Sources */,
				4FFABC961B2B1E0900926144 /* HaarObjectDetection.cpp in Sources */,
				4FFABC941B2B1E0900926144 /* DetectAcrossFrames.cpp in Sources */,
				4FFABC981B2B1E0900926144 /* infgen.cpp in Sources */,
				4FFABC971B2B1E0900926144 /* HarrisCorner.cpp in Sources */,
			);
			runOnlyForDeploymentPostprocessing = 0;
		};
/* End PBXSourcesBuildPhase section */

/* Begin XCBuildConfiguration section */
		4FFABC7C1B2B1D9C00926144 /* Debug */ = {
			isa = XCBuildConfiguration;
			buildSettings = {
				ALWAYS_SEARCH_USER_PATHS = NO;
				CLANG_CXX_LANGUAGE_STANDARD = "gnu++0x";
				CLANG_CXX_LIBRARY = "libc++";
				CLANG_ENABLE_MODULES = YES;
				CLANG_ENABLE_OBJC_ARC = YES;
				CLANG_WARN_BOOL_CONVERSION = YES;
				CLANG_WARN_CONSTANT_CONVERSION = YES;
				CLANG_WARN_DIRECT_OBJC_ISA_USAGE = YES_ERROR;
				CLANG_WARN_EMPTY_BODY = YES;
				CLANG_WARN_ENUM_CONVERSION = YES;
				CLANG_WARN_INT_CONVERSION = YES;
				CLANG_WARN_OBJC_ROOT_CLASS = YES_ERROR;
				CLANG_WARN_UNREACHABLE_CODE = YES;
				CLANG_WARN__DUPLICATE_METHOD_MATCH = YES;
				COPY_PHASE_STRIP = NO;
				ENABLE_STRICT_OBJC_MSGSEND = YES;
				GCC_C_LANGUAGE_STANDARD = gnu99;
				GCC_DYNAMIC_NO_PIC = NO;
				GCC_OPTIMIZATION_LEVEL = 0;
				GCC_PREPROCESSOR_DEFINITIONS = (
					"DEBUG=1",
					"$(inherited)",
				);
				GCC_SYMBOLS_PRIVATE_EXTERN = NO;
				GCC_WARN_64_TO_32_BIT_CONVERSION = YES;
				GCC_WARN_ABOUT_RETURN_TYPE = YES_ERROR;
				GCC_WARN_UNDECLARED_SELECTOR = YES;
				GCC_WARN_UNINITIALIZED_AUTOS = YES_AGGRESSIVE;
				GCC_WARN_UNUSED_FUNCTION = YES;
				GCC_WARN_UNUSED_VARIABLE = YES;
				MACOSX_DEPLOYMENT_TARGET = 10.10;
				MTL_ENABLE_DEBUG_INFO = YES;
				ONLY_ACTIVE_ARCH = YES;
				SDKROOT = macosx;
			};
			name = Debug;
		};
		4FFABC7D1B2B1D9C00926144 /* Release */ = {
			isa = XCBuildConfiguration;
			buildSettings = {
				ALWAYS_SEARCH_USER_PATHS = NO;
				CLANG_CXX_LANGUAGE_STANDARD = "gnu++0x";
				CLANG_CXX_LIBRARY = "libc++";
				CLANG_ENABLE_MODULES = YES;
				CLANG_ENABLE_OBJC_ARC = YES;
				CLANG_WARN_BOOL_CONVERSION = YES;
				CLANG_WARN_CONSTANT_CONVERSION = YES;
				CLANG_WARN_DIRECT_OBJC_ISA_USAGE = YES_ERROR;
				CLANG_WARN_EMPTY_BODY = YES;
				CLANG_WARN_ENUM_CONVERSION = YES;
				CLANG_WARN_INT_CONVERSION = YES;
				CLANG_WARN_OBJC_ROOT_CLASS = YES_ERROR;
				CLANG_WARN_UNREACHABLE_CODE = YES;
				CLANG_WARN__DUPLICATE_METHOD_MATCH = YES;
				COPY_PHASE_STRIP = NO;
				DEBUG_INFORMATION_FORMAT = "dwarf-with-dsym";
				ENABLE_NS_ASSERTIONS = NO;
				ENABLE_STRICT_OBJC_MSGSEND = YES;
				GCC_C_LANGUAGE_STANDARD = gnu99;
				GCC_WARN_64_TO_32_BIT_CONVERSION = YES;
				GCC_WARN_ABOUT_RETURN_TYPE = YES_ERROR;
				GCC_WARN_UNDECLARED_SELECTOR = YES;
				GCC_WARN_UNINITIALIZED_AUTOS = YES_AGGRESSIVE;
				GCC_WARN_UNUSED_FUNCTION = YES;
				GCC_WARN_UNUSED_VARIABLE = YES;
				MACOSX_DEPLOYMENT_TARGET = 10.10;
				MTL_ENABLE_DEBUG_INFO = NO;
				SDKROOT = macosx;
			};
			name = Release;
		};
		4FFABC7F1B2B1D9C00926144 /* Debug */ = {
			isa = XCBuildConfiguration;
			buildSettings = {
				PRODUCT_NAME = "$(TARGET_NAME)";
			};
			name = Debug;
		};
		4FFABC801B2B1D9C00926144 /* Release */ = {
			isa = XCBuildConfiguration;
			buildSettings = {
				PRODUCT_NAME = "$(TARGET_NAME)";
			};
			name = Release;
		};
/* End XCBuildConfiguration section */

/* Begin XCConfigurationList section */
		4FFABC721B2B1D9C00926144 /* Build configuration list for PBXProject "XcodeMacFypProject" */ = {
			isa = XCConfigurationList;
			buildConfigurations = (
				4FFABC7C1B2B1D9C00926144 /* Debug */,
				4FFABC7D1B2B1D9C00926144 /* Release */,
			);
			defaultConfigurationIsVisible = 0;
			defaultConfigurationName = Release;
		};
		4FFABC7E1B2B1D9C00926144 /* Build configuration list for PBXNativeTarget "XcodeMacFypProject" */ = {
			isa = XCConfigurationList;
			buildConfigurations = (
				4FFABC7F1B2B1D9C00926144 /* Debug */,
				4FFABC801B2B1D9C00926144 /* Release */,
			);
			defaultConfigurationIsVisible = 0;
		};
/* End XCConfigurationList section */
	};
	rootObject = 4FFABC6F1B2B1D9C00926144 /* Project object */;
}
